
Microsoft Visual Studio Solution File, Format Version 12.00
# Visual Studio Version 17
VisualStudioVersion = 17.7.34024.191
MinimumVisualStudioVersion = 10.0.40219.1
Project("{FAE04EC0-301F-11D3-BF4B-00C04F79EFBC}") = "memo", "memo.csproj", "{977B5374-95ED-4113-9552-00C673CCA928}"
EndProject
Global
	GlobalSection(SolutionConfigurationPlatforms) = preSolution
		Debug|Any CPU = Debug|Any CPU
		Release|Any CPU = Release|Any CPU
	EndGlobalSection
	GlobalSection(ProjectConfigurationPlatforms) = postSolution
		{977B5374-95ED-4113-9552-00C673CCA928}.Debug|Any CPU.ActiveCfg = Debug|Any CPU
		{977B5374-95ED-4113-9552-00C673CCA928}.Debug|Any CPU.Build.0 = Debug|Any CPU
		{977B5374-95ED-4113-9552-00C673CCA928}.Release|Any CPU.ActiveCfg = Release|Any CPU
		{977B5374-95ED-4113-9552-00C673CCA928}.Release|Any CPU.Build.0 = Release|Any CPU
	EndGlobalSection
	GlobalSection(SolutionProperties) = preSolution
		HideSolutionNode = FALSE
	EndGlobalSection
	GlobalSection(ExtensibilityGlobals) = postSolution
		SolutionGuid = {3AA4F661-37B4-497B-87BC-B21854298C2F}
	EndGlobalSection
EndGlobal
